
Microsoft Visual Studio Solution File, Format Version 12.00
# Visual Studio Version 17
VisualStudioVersion = 17.5.33414.496
MinimumVisualStudioVersion = 10.0.40219.1
Project("{FAE04EC0-301F-11D3-BF4B-00C04F79EFBC}") = "SchoolRegister.Web", "SchoolRegister.Web\SchoolRegister.Web.csproj", "{AA000C63-7DDB-440B-B98F-E1D27130186C}"
EndProject
Project("{FAE04EC0-301F-11D3-BF4B-00C04F79EFBC}") = "SchoolRegister.Model", "SchoolRegister.Model\SchoolRegister.Model.csproj", "{20E3612D-4279-4F41-A006-0CEC45596CA9}"
EndProject
Project("{FAE04EC0-301F-11D3-BF4B-00C04F79EFBC}") = "SchoolRegister.DAL", "SchoolRegister.DAL\SchoolRegister.DAL.csproj", "{339728D8-DAD0-4078-9342-22800AF9A7E8}"
EndProject
Project("{FAE04EC0-301F-11D3-BF4B-00C04F79EFBC}") = "SchoolRegister.Services", "SchoolRegister.Services\SchoolRegister.Services.csproj", "{A44BD40F-BEC8-49C0-BB91-4086231AA44F}"
EndProject
Project("{FAE04EC0-301F-11D3-BF4B-00C04F79EFBC}") = "SchoolRegister.ViewModels", "SchoolRegister.ViewModels\SchoolRegister.ViewModels.csproj", "{AF47382F-FEAB-46BC-A106-D071B9CD8115}"
EndProject
Global
	GlobalSection(SolutionConfigurationPlatforms) = preSolution
		Debug|Any CPU = Debug|Any CPU
		Release|Any CPU = Release|Any CPU
	EndGlobalSection
	GlobalSection(ProjectConfigurationPlatforms) = postSolution
		{AA000C63-7DDB-440B-B98F-E1D27130186C}.Debug|Any CPU.ActiveCfg = Debug|Any CPU
		{AA000C63-7DDB-440B-B98F-E1D27130186C}.Debug|Any CPU.Build.0 = Debug|Any CPU
		{AA000C63-7DDB-440B-B98F-E1D27130186C}.Release|Any CPU.ActiveCfg = Release|Any CPU
		{AA000C63-7DDB-440B-B98F-E1D27130186C}.Release|Any CPU.Build.0 = Release|Any CPU
		{20E3612D-4279-4F41-A006-0CEC45596CA9}.Debug|Any CPU.ActiveCfg = Debug|Any CPU
		{20E3612D-4279-4F41-A006-0CEC45596CA9}.Debug|Any CPU.Build.0 = Debug|Any CPU
		{20E3612D-4279-4F41-A006-0CEC45596CA9}.Release|Any CPU.ActiveCfg = Release|Any CPU
		{20E3612D-4279-4F41-A006-0CEC45596CA9}.Release|Any CPU.Build.0 = Release|Any CPU
		{339728D8-DAD0-4078-9342-22800AF9A7E8}.Debug|Any CPU.ActiveCfg = Debug|Any CPU
		{339728D8-DAD0-4078-9342-22800AF9A7E8}.Debug|Any CPU.Build.0 = Debug|Any CPU
		{339728D8-DAD0-4078-9342-22800AF9A7E8}.Release|Any CPU.ActiveCfg = Release|Any CPU
		{339728D8-DAD0-4078-9342-22800AF9A7E8}.Release|Any CPU.Build.0 = Release|Any CPU
		{A44BD40F-BEC8-49C0-BB91-4086231AA44F}.Debug|Any CPU.ActiveCfg = Debug|Any CPU
		{A44BD40F-BEC8-49C0-BB91-4086231AA44F}.Debug|Any CPU.Build.0 = Debug|Any CPU
		{A44BD40F-BEC8-49C0-BB91-4086231AA44F}.Release|Any CPU.ActiveCfg = Release|Any CPU
		{A44BD40F-BEC8-49C0-BB91-4086231AA44F}.Release|Any CPU.Build.0 = Release|Any CPU
		{AF47382F-FEAB-46BC-A106-D071B9CD8115}.Debug|Any CPU.ActiveCfg = Debug|Any CPU
		{AF47382F-FEAB-46BC-A106-D071B9CD8115}.Debug|Any CPU.Build.0 = Debug|Any CPU
		{AF47382F-FEAB-46BC-A106-D071B9CD8115}.Release|Any CPU.ActiveCfg = Release|Any CPU
		{AF47382F-FEAB-46BC-A106-D071B9CD8115}.Release|Any CPU.Build.0 = Release|Any CPU
	EndGlobalSection
	GlobalSection(SolutionProperties) = preSolution
		HideSolutionNode = FALSE
	EndGlobalSection
	GlobalSection(ExtensibilityGlobals) = postSolution
		SolutionGuid = {FD211DDC-486B-448B-BF2F-27654867A6A4}
	EndGlobalSection
EndGlobal
